
Microsoft Visual Studio Solution File, Format Version 12.00
# Visual Studio Version 17
VisualStudioVersion = 17.11.35303.130
MinimumVisualStudioVersion = 10.0.40219.1
Project("{8BC9CEB8-8B4A-11D0-8D11-00A0C91BC942}") = "PA5", "PA5\PA5.vcxproj", "{E3C9A3F5-FA73-4C42-A2C5-AC9EB7D1AC00}"
EndProject
Global
	GlobalSection(SolutionConfigurationPlatforms) = preSolution
		Debug|x64 = Debug|x64
		Debug|x86 = Debug|x86
		Release|x64 = Release|x64
		Release|x86 = Release|x86
	EndGlobalSection
	GlobalSection(ProjectConfigurationPlatforms) = postSolution
		{E3C9A3F5-FA73-4C42-A2C5-AC9EB7D1AC00}.Debug|x64.ActiveCfg = Debug|x64
		{E3C9A3F5-FA73-4C42-A2C5-AC9EB7D1AC00}.Debug|x64.Build.0 = Debug|x64
		{E3C9A3F5-FA73-4C42-A2C5-AC9EB7D1AC00}.Debug|x86.ActiveCfg = Debug|Win32
		{E3C9A3F5-FA73-4C42-A2C5-AC9EB7D1AC00}.Debug|x86.Build.0 = Debug|Win32
		{E3C9A3F5-FA73-4C42-A2C5-AC9EB7D1AC00}.Release|x64.ActiveCfg = Release|x64
		{E3C9A3F5-FA73-4C42-A2C5-AC9EB7D1AC00}.Release|x64.Build.0 = Release|x64
		{E3C9A3F5-FA73-4C42-A2C5-AC9EB7D1AC00}.Release|x86.ActiveCfg = Release|Win32
		{E3C9A3F5-FA73-4C42-A2C5-AC9EB7D1AC00}.Release|x86.Build.0 = Release|Win32
	EndGlobalSection
	GlobalSection(SolutionProperties) = preSolution
		HideSolutionNode = FALSE
	EndGlobalSection
	GlobalSection(ExtensibilityGlobals) = postSolution
		SolutionGuid = {5FD065B3-D515-4A5F-85B8-C84732F14326}
	EndGlobalSection
EndGlobal
